
Microsoft Visual Studio Solution File, Format Version 11.00
# Visual Studio 2010
Project("{8BC9CEB8-8B4A-11D0-8D11-00A0C91BC942}") = "fontGenerator", "fontGenerator\fontGenerator.vcxproj", "{D95AC228-4F5E-4020-8FF8-6F0884071BB1}"
EndProject
Global
	GlobalSection(SolutionConfigurationPlatforms) = preSolution
		Debug|Win32 = Debug|Win32
		Release|Win32 = Release|Win32
	EndGlobalSection
	GlobalSection(ProjectConfigurationPlatforms) = postSolution
		{D95AC228-4F5E-4020-8FF8-6F0884071BB1}.Debug|Win32.ActiveCfg = Debug|Win32
		{D95AC228-4F5E-4020-8FF8-6F0884071BB1}.Debug|Win32.Build.0 = Debug|Win32
		{D95AC228-4F5E-4020-8FF8-6F0884071BB1}.Release|Win32.ActiveCfg = Release|Win32
		{D95AC228-4F5E-4020-8FF8-6F0884071BB1}.Release|Win32.Build.0 = Release|Win32
	EndGlobalSection
	GlobalSection(SolutionProperties) = preSolution
		HideSolutionNode = FALSE
	EndGlobalSection
EndGlobal
